// !$*UTF8*$!
{
	archiveVersion = 1;
	classes = {
	};
	objectVersion = 46;
	objects = {

/* Begin PBXBuildFile section */
		2501287E1E3FF41F00596B33 /* LoginViewController.m in Sources */ = {isa = PBXBuildFile; fileRef = 2501287C1E3FF41F00596B33 /* LoginViewController.m */; };
		2501287F1E3FF41F00596B33 /* LoginViewController.xib in Resources */ = {isa = PBXBuildFile; fileRef = 2501287D1E3FF41F00596B33 /* LoginViewController.xib */; };
		250128821E3FF5B300596B33 /* TwitterClient.m in Sources */ = {isa = PBXBuildFile; fileRef = 250128811E3FF5B300596B33 /* TwitterClient.m */; };
		250653561E3FB92800A90C38 /* main.m in Sources */ = {isa = PBXBuildFile; fileRef = 250653551E3FB92800A90C38 /* main.m */; };
		250653591E3FB92800A90C38 /* AppDelegate.m in Sources */ = {isa = PBXBuildFile; fileRef = 250653581E3FB92800A90C38 /* AppDelegate.m */; };
		250653611E3FB92800A90C38 /* Assets.xcassets in Resources */ = {isa = PBXBuildFile; fileRef = 250653601E3FB92800A90C38 /* Assets.xcassets */; };
		250653641E3FB92800A90C38 /* LaunchScreen.storyboard in Resources */ = {isa = PBXBuildFile; fileRef = 250653621E3FB92800A90C38 /* LaunchScreen.storyboard */; };
		2506536E1E3FB9E300A90C38 /* TweetListViewController.m in Sources */ = {isa = PBXBuildFile; fileRef = 2506536C1E3FB9E300A90C38 /* TweetListViewController.m */; };
		2506536F1E3FB9E300A90C38 /* TweetListViewController.xib in Resources */ = {isa = PBXBuildFile; fileRef = 2506536D1E3FB9E300A90C38 /* TweetListViewController.xib */; };
		2525910E1E44096500675C80 /* ComposeViewController.m in Sources */ = {isa = PBXBuildFile; fileRef = 2525910C1E44096500675C80 /* ComposeViewController.m */; };
		2525910F1E44096500675C80 /* ComposeViewController.xib in Resources */ = {isa = PBXBuildFile; fileRef = 2525910D1E44096500675C80 /* ComposeViewController.xib */; };
		252591131E441AA800675C80 /* TweetViewController.m in Sources */ = {isa = PBXBuildFile; fileRef = 252591111E441AA800675C80 /* TweetViewController.m */; };
		252591141E441AA800675C80 /* TweetViewController.xib in Resources */ = {isa = PBXBuildFile; fileRef = 252591121E441AA800675C80 /* TweetViewController.xib */; };
		25871E321E3FC82D009771DB /* TweetTableViewCell.m in Sources */ = {isa = PBXBuildFile; fileRef = 25871E301E3FC82D009771DB /* TweetTableViewCell.m */; };
		25871E331E3FC82D009771DB /* TweetTableViewCell.xib in Resources */ = {isa = PBXBuildFile; fileRef = 25871E311E3FC82D009771DB /* TweetTableViewCell.xib */; };
		258E15821E41256B00D1D81F /* image.png in Resources */ = {isa = PBXBuildFile; fileRef = 258E15811E41256B00D1D81F /* image.png */; };
		25B69E581E400361007C365A /* Tweet.m in Sources */ = {isa = PBXBuildFile; fileRef = 25B69E571E400361007C365A /* Tweet.m */; };
		25B69E5B1E400378007C365A /* User.m in Sources */ = {isa = PBXBuildFile; fileRef = 25B69E5A1E400378007C365A /* User.m */; };
		4158C31DE2ECAF06028EA128 /* libPods-TwitterDemo.a in Frameworks */ = {isa = PBXBuildFile; fileRef = 313FBE12F16FF67298260CFE /* libPods-TwitterDemo.a */; };
/* End PBXBuildFile section */

/* Begin PBXFileReference section */
		18A498DEDC1042A4C76592E0 /* Pods-TwitterDemo.release.xcconfig */ = {isa = PBXFileReference; includeInIndex = 1; lastKnownFileType = text.xcconfig; name = "Pods-TwitterDemo.release.xcconfig"; path = "Pods/Target Support Files/Pods-TwitterDemo/Pods-TwitterDemo.release.xcconfig"; sourceTree = "<group>"; };
		2501287B1E3FF41F00596B33 /* LoginViewController.h */ = {isa = PBXFileReference; fileEncoding = 4; lastKnownFileType = sourcecode.c.h; path = LoginViewController.h; sourceTree = "<group>"; };
		2501287C1E3FF41F00596B33 /* LoginViewController.m */ = {isa = PBXFileReference; fileEncoding = 4; lastKnownFileType = sourcecode.c.objc; path = LoginViewController.m; sourceTree = "<group>"; };
		2501287D1E3FF41F00596B33 /* LoginViewController.xib */ = {isa = PBXFileReference; fileEncoding = 4; lastKnownFileType = file.xib; path = LoginViewController.xib; sourceTree = "<group>"; };
		250128801E3FF5B300596B33 /* TwitterClient.h */ = {isa = PBXFileReference; fileEncoding = 4; lastKnownFileType = sourcecode.c.h; name = TwitterClient.h; path = ../TwitterClient.h; sourceTree = "<group>"; };
		250128811E3FF5B300596B33 /* TwitterClient.m */ = {isa = PBXFileReference; fileEncoding = 4; lastKnownFileType = sourcecode.c.objc; name = TwitterClient.m; path = ../TwitterClient.m; sourceTree = "<group>"; };
		250653511E3FB92800A90C38 /* TwitterDemo.app */ = {isa = PBXFileReference; explicitFileType = wrapper.application; includeInIndex = 0; path = TwitterDemo.app; sourceTree = BUILT_PRODUCTS_DIR; };
		250653551E3FB92800A90C38 /* main.m */ = {isa = PBXFileReference; lastKnownFileType = sourcecode.c.objc; path = main.m; sourceTree = "<group>"; };
		250653571E3FB92800A90C38 /* AppDelegate.h */ = {isa = PBXFileReference; lastKnownFileType = sourcecode.c.h; path = AppDelegate.h; sourceTree = "<group>"; };
		250653581E3FB92800A90C38 /* AppDelegate.m */ = {isa = PBXFileReference; lastKnownFileType = sourcecode.c.objc; path = AppDelegate.m; sourceTree = "<group>"; };
		250653601E3FB92800A90C38 /* Assets.xcassets */ = {isa = PBXFileReference; lastKnownFileType = folder.assetcatalog; path = Assets.xcassets; sourceTree = "<group>"; };
		250653631E3FB92800A90C38 /* Base */ = {isa = PBXFileReference; lastKnownFileType = file.storyboard; name = Base; path = Base.lproj/LaunchScreen.storyboard; sourceTree = "<group>"; };
		250653651E3FB92800A90C38 /* Info.plist */ = {isa = PBXFileReference; lastKnownFileType = text.plist.xml; path = Info.plist; sourceTree = "<group>"; };
		2506536B1E3FB9E300A90C38 /* TweetListViewController.h */ = {isa = PBXFileReference; fileEncoding = 4; lastKnownFileType = sourcecode.c.h; path = TweetListViewController.h; sourceTree = "<group>"; };
		2506536C1E3FB9E300A90C38 /* TweetListViewController.m */ = {isa = PBXFileReference; fileEncoding = 4; lastKnownFileType = sourcecode.c.objc; path = TweetListViewController.m; sourceTree = "<group>"; };
		2506536D1E3FB9E300A90C38 /* TweetListViewController.xib */ = {isa = PBXFileReference; fileEncoding = 4; lastKnownFileType = file.xib; path = TweetListViewController.xib; sourceTree = "<group>"; };
		2525910B1E44096500675C80 /* ComposeViewController.h */ = {isa = PBXFileReference; fileEncoding = 4; lastKnownFileType = sourcecode.c.h; path = ComposeViewController.h; sourceTree = "<group>"; };
		2525910C1E44096500675C80 /* ComposeViewController.m */ = {isa = PBXFileReference; fileEncoding = 4; lastKnownFileType = sourcecode.c.objc; path = ComposeViewController.m; sourceTree = "<group>"; };
		2525910D1E44096500675C80 /* ComposeViewController.xib */ = {isa = PBXFileReference; fileEncoding = 4; lastKnownFileType = file.xib; path = ComposeViewController.xib; sourceTree = "<group>"; };
		252591101E441AA800675C80 /* TweetViewController.h */ = {isa = PBXFileReference; fileEncoding = 4; lastKnownFileType = sourcecode.c.h; path = TweetViewController.h; sourceTree = "<group>"; };
		252591111E441AA800675C80 /* TweetViewController.m */ = {isa = PBXFileReference; fileEncoding = 4; lastKnownFileType = sourcecode.c.objc; path = TweetViewController.m; sourceTree = "<group>"; };
		252591121E441AA800675C80 /* TweetViewController.xib */ = {isa = PBXFileReference; fileEncoding = 4; lastKnownFileType = file.xib; path = TweetViewController.xib; sourceTree = "<group>"; };
		25871E2F1E3FC82D009771DB /* TweetTableViewCell.h */ = {isa = PBXFileReference; fileEncoding = 4; lastKnownFileType = sourcecode.c.h; path = TweetTableViewCell.h; sourceTree = "<group>"; };
		25871E301E3FC82D009771DB /* TweetTableViewCell.m */ = {isa = PBXFileReference; fileEncoding = 4; lastKnownFileType = sourcecode.c.objc; path = TweetTableViewCell.m; sourceTree = "<group>"; };
		25871E311E3FC82D009771DB /* TweetTableViewCell.xib */ = {isa = PBXFileReference; fileEncoding = 4; lastKnownFileType = file.xib; path = TweetTableViewCell.xib; sourceTree = "<group>"; };
		258E15811E41256B00D1D81F /* image.png */ = {isa = PBXFileReference; lastKnownFileType = image.png; path = image.png; sourceTree = "<group>"; };
		25B69E561E400361007C365A /* Tweet.h */ = {isa = PBXFileReference; fileEncoding = 4; lastKnownFileType = sourcecode.c.h; path = Tweet.h; sourceTree = "<group>"; };
		25B69E571E400361007C365A /* Tweet.m */ = {isa = PBXFileReference; fileEncoding = 4; lastKnownFileType = sourcecode.c.objc; path = Tweet.m; sourceTree = "<group>"; };
		25B69E591E400378007C365A /* User.h */ = {isa = PBXFileReference; fileEncoding = 4; lastKnownFileType = sourcecode.c.h; path = User.h; sourceTree = "<group>"; };
		25B69E5A1E400378007C365A /* User.m */ = {isa = PBXFileReference; fileEncoding = 4; lastKnownFileType = sourcecode.c.objc; path = User.m; sourceTree = "<group>"; };
		313FBE12F16FF67298260CFE /* libPods-TwitterDemo.a */ = {isa = PBXFileReference; explicitFileType = archive.ar; includeInIndex = 0; path = "libPods-TwitterDemo.a"; sourceTree = BUILT_PRODUCTS_DIR; };
		55792EAC41F86868FEE61904 /* Pods-TwitterDemo.debug.xcconfig */ = {isa = PBXFileReference; includeInIndex = 1; lastKnownFileType = text.xcconfig; name = "Pods-TwitterDemo.debug.xcconfig"; path = "Pods/Target Support Files/Pods-TwitterDemo/Pods-TwitterDemo.debug.xcconfig"; sourceTree = "<group>"; };
/* End PBXFileReference section */

/* Begin PBXFrameworksBuildPhase section */
		2506534E1E3FB92800A90C38 /* Frameworks */ = {
			isa = PBXFrameworksBuildPhase;
			buildActionMask = 2147483647;
			files = (
				4158C31DE2ECAF06028EA128 /* libPods-TwitterDemo.a in Frameworks */,
			);
			runOnlyForDeploymentPostprocessing = 0;
		};
/* End PBXFrameworksBuildPhase section */

/* Begin PBXGroup section */
		250653481E3FB92800A90C38 = {
			isa = PBXGroup;
			children = (
				250653531E3FB92800A90C38 /* TwitterDemo */,
				250653521E3FB92800A90C38 /* Products */,
				FCE2E1F94C0A143C117080B7 /* Pods */,
				D7075ECE2B9E46AE02152FE6 /* Frameworks */,
			);
			sourceTree = "<group>";
		};
		250653521E3FB92800A90C38 /* Products */ = {
			isa = PBXGroup;
			children = (
				250653511E3FB92800A90C38 /* TwitterDemo.app */,
			);
			name = Products;
			sourceTree = "<group>";
		};
		250653531E3FB92800A90C38 /* TwitterDemo */ = {
			isa = PBXGroup;
			children = (
				258E15811E41256B00D1D81F /* image.png */,
				25B69E551E400342007C365A /* Models */,
				250653571E3FB92800A90C38 /* AppDelegate.h */,
				250653581E3FB92800A90C38 /* AppDelegate.m */,
				250128801E3FF5B300596B33 /* TwitterClient.h */,
				250128811E3FF5B300596B33 /* TwitterClient.m */,
				2501287B1E3FF41F00596B33 /* LoginViewController.h */,
				2501287C1E3FF41F00596B33 /* LoginViewController.m */,
				2501287D1E3FF41F00596B33 /* LoginViewController.xib */,
				25871E2F1E3FC82D009771DB /* TweetTableViewCell.h */,
				25871E301E3FC82D009771DB /* TweetTableViewCell.m */,
				25871E311E3FC82D009771DB /* TweetTableViewCell.xib */,
				2506536B1E3FB9E300A90C38 /* TweetListViewController.h */,
				2506536C1E3FB9E300A90C38 /* TweetListViewController.m */,
				2506536D1E3FB9E300A90C38 /* TweetListViewController.xib */,
				250653601E3FB92800A90C38 /* Assets.xcassets */,
				250653621E3FB92800A90C38 /* LaunchScreen.storyboard */,
				250653651E3FB92800A90C38 /* Info.plist */,
				250653541E3FB92800A90C38 /* Supporting Files */,
				2525910B1E44096500675C80 /* ComposeViewController.h */,
				2525910C1E44096500675C80 /* ComposeViewController.m */,
				2525910D1E44096500675C80 /* ComposeViewController.xib */,
				252591101E441AA800675C80 /* TweetViewController.h */,
				252591111E441AA800675C80 /* TweetViewController.m */,
				252591121E441AA800675C80 /* TweetViewController.xib */,
			);
			path = TwitterDemo;
			sourceTree = "<group>";
		};
		250653541E3FB92800A90C38 /* Supporting Files */ = {
			isa = PBXGroup;
			children = (
				250653551E3FB92800A90C38 /* main.m */,
			);
			name = "Supporting Files";
			sourceTree = "<group>";
		};
		25B69E551E400342007C365A /* Models */ = {
			isa = PBXGroup;
			children = (
				25B69E561E400361007C365A /* Tweet.h */,
				25B69E571E400361007C365A /* Tweet.m */,
				25B69E591E400378007C365A /* User.h */,
				25B69E5A1E400378007C365A /* User.m */,
			);
			name = Models;
			sourceTree = "<group>";
		};
		D7075ECE2B9E46AE02152FE6 /* Frameworks */ = {
			isa = PBXGroup;
			children = (
				313FBE12F16FF67298260CFE /* libPods-TwitterDemo.a */,
			);
			name = Frameworks;
			sourceTree = "<group>";
		};
		FCE2E1F94C0A143C117080B7 /* Pods */ = {
			isa = PBXGroup;
			children = (
				55792EAC41F86868FEE61904 /* Pods-TwitterDemo.debug.xcconfig */,
				18A498DEDC1042A4C76592E0 /* Pods-TwitterDemo.release.xcconfig */,
			);
			name = Pods;
			sourceTree = "<group>";
		};
/* End PBXGroup section */

/* Begin PBXNativeTarget section */
		250653501E3FB92800A90C38 /* TwitterDemo */ = {
			isa = PBXNativeTarget;
			buildConfigurationList = 250653681E3FB92800A90C38 /* Build configuration list for PBXNativeTarget "TwitterDemo" */;
			buildPhases = (
				71DBB4A23FF19063033C48B9 /* [CP] Check Pods Manifest.lock */,
				2506534D1E3FB92800A90C38 /* Sources */,
				2506534E1E3FB92800A90C38 /* Frameworks */,
				2506534F1E3FB92800A90C38 /* Resources */,
				E28F6295D7A1E9A9940DAB76 /* [CP] Embed Pods Frameworks */,
				A4C2EBA405CDD9EFEB790A76 /* [CP] Copy Pods Resources */,
			);
			buildRules = (
			);
			dependencies = (
			);
			name = TwitterDemo;
			productName = TwitterDemo;
			productReference = 250653511E3FB92800A90C38 /* TwitterDemo.app */;
			productType = "com.apple.product-type.application";
		};
/* End PBXNativeTarget section */

/* Begin PBXProject section */
		250653491E3FB92800A90C38 /* Project object */ = {
			isa = PBXProject;
			attributes = {
				LastUpgradeCheck = 0730;
				ORGANIZATIONNAME = codepath;
				TargetAttributes = {
					250653501E3FB92800A90C38 = {
						CreatedOnToolsVersion = 7.3.1;
					};
				};
			};
			buildConfigurationList = 2506534C1E3FB92800A90C38 /* Build configuration list for PBXProject "TwitterDemo" */;
			compatibilityVersion = "Xcode 3.2";
			developmentRegion = English;
			hasScannedForEncodings = 0;
			knownRegions = (
				en,
				Base,
			);
			mainGroup = 250653481E3FB92800A90C38;
			productRefGroup = 250653521E3FB92800A90C38 /* Products */;
			projectDirPath = "";
			projectRoot = "";
			targets = (
				250653501E3FB92800A90C38 /* TwitterDemo */,
			);
		};
/* End PBXProject section */

/* Begin PBXResourcesBuildPhase section */
		2506534F1E3FB92800A90C38 /* Resources */ = {
			isa = PBXResourcesBuildPhase;
			buildActionMask = 2147483647;
			files = (
				252591141E441AA800675C80 /* TweetViewController.xib in Resources */,
				2501287F1E3FF41F00596B33 /* LoginViewController.xib in Resources */,
				258E15821E41256B00D1D81F /* image.png in Resources */,
				250653641E3FB92800A90C38 /* LaunchScreen.storyboard in Resources */,
				250653611E3FB92800A90C38 /* Assets.xcassets in Resources */,
				2525910F1E44096500675C80 /* ComposeViewController.xib in Resources */,
				2506536F1E3FB9E300A90C38 /* TweetListViewController.xib in Resources */,
				25871E331E3FC82D009771DB /* TweetTableViewCell.xib in Resources */,
			);
			runOnlyForDeploymentPostprocessing = 0;
		};
/* End PBXResourcesBuildPhase section */

/* Begin PBXShellScriptBuildPhase section */
		71DBB4A23FF19063033C48B9 /* [CP] Check Pods Manifest.lock */ = {
			isa = PBXShellScriptBuildPhase;
			buildActionMask = 2147483647;
			files = (
			);
			inputPaths = (
			);
			name = "[CP] Check Pods Manifest.lock";
			outputPaths = (
			);
			runOnlyForDeploymentPostprocessing = 0;
			shellPath = /bin/sh;
			shellScript = "diff \"${PODS_ROOT}/../Podfile.lock\" \"${PODS_ROOT}/Manifest.lock\" > /dev/null\nif [ $? != 0 ] ; then\n    # print error to STDERR\n    echo \"error: The sandbox is not in sync with the Podfile.lock. Run 'pod install' or update your CocoaPods installation.\" >&2\n    exit 1\nfi\n";
			showEnvVarsInLog = 0;
		};
		A4C2EBA405CDD9EFEB790A76 /* [CP] Copy Pods Resources */ = {
			isa = PBXShellScriptBuildPhase;
			buildActionMask = 2147483647;
			files = (
			);
			inputPaths = (
			);
			name = "[CP] Copy Pods Resources";
			outputPaths = (
			);
			runOnlyForDeploymentPostprocessing = 0;
			shellPath = /bin/sh;
			shellScript = "\"${SRCROOT}/Pods/Target Support Files/Pods-TwitterDemo/Pods-TwitterDemo-resources.sh\"\n";
			showEnvVarsInLog = 0;
		};
		E28F6295D7A1E9A9940DAB76 /* [CP] Embed Pods Frameworks */ = {
			isa = PBXShellScriptBuildPhase;
			buildActionMask = 2147483647;
			files = (
			);
			inputPaths = (
			);
			name = "[CP] Embed Pods Frameworks";
			outputPaths = (
			);
			runOnlyForDeploymentPostprocessing = 0;
			shellPath = /bin/sh;
			shellScript = "\"${SRCROOT}/Pods/Target Support Files/Pods-TwitterDemo/Pods-TwitterDemo-frameworks.sh\"\n";
			showEnvVarsInLog = 0;
		};
/* End PBXShellScriptBuildPhase section */

/* Begin PBXSourcesBuildPhase section */
		2506534D1E3FB92800A90C38 /* Sources */ = {
			isa = PBXSourcesBuildPhase;
			buildActionMask = 2147483647;
			files = (
				25B69E5B1E400378007C365A /* User.m in Sources */,
				2506536E1E3FB9E300A90C38 /* TweetListViewController.m in Sources */,
				250653591E3FB92800A90C38 /* AppDelegate.m in Sources */,
				2525910E1E44096500675C80 /* ComposeViewController.m in Sources */,
				252591131E441AA800675C80 /* TweetViewController.m in Sources */,
				250653561E3FB92800A90C38 /* main.m in Sources */,
				25B69E581E400361007C365A /* Tweet.m in Sources */,
				25871E321E3FC82D009771DB /* TweetTableViewCell.m in Sources */,
				250128821E3FF5B300596B33 /* TwitterClient.m in Sources */,
				2501287E1E3FF41F00596B33 /* LoginViewController.m in Sources */,
			);
			runOnlyForDeploymentPostprocessing = 0;
		};
/* End PBXSourcesBuildPhase section */

/* Begin PBXVariantGroup section */
		250653621E3FB92800A90C38 /* LaunchScreen.storyboard */ = {
			isa = PBXVariantGroup;
			children = (
				250653631E3FB92800A90C38 /* Base */,
			);
			name = LaunchScreen.storyboard;
			sourceTree = "<group>";
		};
/* End PBXVariantGroup section */

/* Begin XCBuildConfiguration section */
		250653661E3FB92800A90C38 /* Debug */ = {
			isa = XCBuildConfiguration;
			buildSettings = {
				ALWAYS_SEARCH_USER_PATHS = NO;
				CLANG_ANALYZER_NONNULL = YES;
				CLANG_CXX_LANGUAGE_STANDARD = "gnu++0x";
				CLANG_CXX_LIBRARY = "libc++";
				CLANG_ENABLE_MODULES = YES;
				CLANG_ENABLE_OBJC_ARC = YES;
				CLANG_WARN_BOOL_CONVERSION = YES;
				CLANG_WARN_CONSTANT_CONVERSION = YES;
				CLANG_WARN_DIRECT_OBJC_ISA_USAGE = YES_ERROR;
				CLANG_WARN_EMPTY_BODY = YES;
				CLANG_WARN_ENUM_CONVERSION = YES;
				CLANG_WARN_INT_CONVERSION = YES;
				CLANG_WARN_OBJC_ROOT_CLASS = YES_ERROR;
				CLANG_WARN_UNREACHABLE_CODE = YES;
				CLANG_WARN__DUPLICATE_METHOD_MATCH = YES;
				"CODE_SIGN_IDENTITY[sdk=iphoneos*]" = "iPhone Developer";
				COPY_PHASE_STRIP = NO;
				DEBUG_INFORMATION_FORMAT = dwarf;
				ENABLE_STRICT_OBJC_MSGSEND = YES;
				ENABLE_TESTABILITY = YES;
				GCC_C_LANGUAGE_STANDARD = gnu99;
				GCC_DYNAMIC_NO_PIC = NO;
				GCC_NO_COMMON_BLOCKS = YES;
				GCC_OPTIMIZATION_LEVEL = 0;
				GCC_PREPROCESSOR_DEFINITIONS = (
					"DEBUG=1",
					"$(inherited)",
				);
				GCC_WARN_64_TO_32_BIT_CONVERSION = YES;
				GCC_WARN_ABOUT_RETURN_TYPE = YES_ERROR;
				GCC_WARN_UNDECLARED_SELECTOR = YES;
				GCC_WARN_UNINITIALIZED_AUTOS = YES_AGGRESSIVE;
				GCC_WARN_UNUSED_FUNCTION = YES;
				GCC_WARN_UNUSED_VARIABLE = YES;
				IPHONEOS_DEPLOYMENT_TARGET = 9.3;
				MTL_ENABLE_DEBUG_INFO = YES;
				ONLY_ACTIVE_ARCH = YES;
				SDKROOT = iphoneos;
				TARGETED_DEVICE_FAMILY = "1,2";
			};
			name = Debug;
		};
		250653671E3FB92800A90C38 /* Release */ = {
			isa = XCBuildConfiguration;
			buildSettings = {
				ALWAYS_SEARCH_USER_PATHS = NO;
				CLANG_ANALYZER_NONNULL = YES;
				CLANG_CXX_LANGUAGE_STANDARD = "gnu++0x";
				CLANG_CXX_LIBRARY = "libc++";
				CLANG_ENABLE_MODULES = YES;
				CLANG_ENABLE_OBJC_ARC = YES;
				CLANG_WARN_BOOL_CONVERSION = YES;
				CLANG_WARN_CONSTANT_CONVERSION = YES;
				CLANG_WARN_DIRECT_OBJC_ISA_USAGE = YES_ERROR;
				CLANG_WARN_EMPTY_BODY = YES;
				CLANG_WARN_ENUM_CONVERSION = YES;
				CLANG_WARN_INT_CONVERSION = YES;
				CLANG_WARN_OBJC_ROOT_CLASS = YES_ERROR;
				CLANG_WARN_UNREACHABLE_CODE = YES;
				CLANG_WARN__DUPLICATE_METHOD_MATCH = YES;
				"CODE_SIGN_IDENTITY[sdk=iphoneos*]" = "iPhone Developer";
				COPY_PHASE_STRIP = NO;
				DEBUG_INFORMATION_FORMAT = "dwarf-with-dsym";
				ENABLE_NS_ASSERTIONS = NO;
				ENABLE_STRICT_OBJC_MSGSEND = YES;
				GCC_C_LANGUAGE_STANDARD = gnu99;
				GCC_NO_COMMON_BLOCKS = YES;
				GCC_WARN_64_TO_32_BIT_CONVERSION = YES;
				GCC_WARN_ABOUT_RETURN_TYPE = YES_ERROR;
				GCC_WARN_UNDECLARED_SELECTOR = YES;
				GCC_WARN_UNINITIALIZED_AUTOS = YES_AGGRESSIVE;
				GCC_WARN_UNUSED_FUNCTION = YES;
				GCC_WARN_UNUSED_VARIABLE = YES;
				IPHONEOS_DEPLOYMENT_TARGET = 9.3;
				MTL_ENABLE_DEBUG_INFO = NO;
				SDKROOT = iphoneos;
				TARGETED_DEVICE_FAMILY = "1,2";
				VALIDATE_PRODUCT = YES;
			};
			name = Release;
		};
		250653691E3FB92800A90C38 /* Debug */ = {
			isa = XCBuildConfiguration;
			baseConfigurationReference = 55792EAC41F86868FEE61904 /* Pods-TwitterDemo.debug.xcconfig */;
			buildSettings = {
				ASSETCATALOG_COMPILER_APPICON_NAME = AppIcon;
				INFOPLIST_FILE = TwitterDemo/Info.plist;
				LD_RUNPATH_SEARCH_PATHS = "$(inherited) @executable_path/Frameworks";
				PRODUCT_BUNDLE_IDENTIFIER = com.codepath.TwitterDemo;
				PRODUCT_NAME = "$(TARGET_NAME)";
			};
			name = Debug;
		};
		2506536A1E3FB92800A90C38 /* Release */ = {
			isa = XCBuildConfiguration;
			baseConfigurationReference = 18A498DEDC1042A4C76592E0 /* Pods-TwitterDemo.release.xcconfig */;
			buildSettings = {
				ASSETCATALOG_COMPILER_APPICON_NAME = AppIcon;
				INFOPLIST_FILE = TwitterDemo/Info.plist;
				LD_RUNPATH_SEARCH_PATHS = "$(inherited) @executable_path/Frameworks";
				PRODUCT_BUNDLE_IDENTIFIER = com.codepath.TwitterDemo;
				PRODUCT_NAME = "$(TARGET_NAME)";
			};
			name = Release;
		};
/* End XCBuildConfiguration section */

/* Begin XCConfigurationList section */
		2506534C1E3FB92800A90C38 /* Build configuration list for PBXProject "TwitterDemo" */ = {
			isa = XCConfigurationList;
			buildConfigurations = (
				250653661E3FB92800A90C38 /* Debug */,
				250653671E3FB92800A90C38 /* Release */,
			);
			defaultConfigurationIsVisible = 0;
			defaultConfigurationName = Release;
		};
		250653681E3FB92800A90C38 /* Build configuration list for PBXNativeTarget "TwitterDemo" */ = {
			isa = XCConfigurationList;
			buildConfigurations = (
				250653691E3FB92800A90C38 /* Debug */,
				2506536A1E3FB92800A90C38 /* Release */,
			);
			defaultConfigurationIsVisible = 0;
			defaultConfigurationName = Release;
		};
/* End XCConfigurationList section */
	};
	rootObject = 250653491E3FB92800A90C38 /* Project object */;
}
